
Microsoft Visual Studio Solution File, Format Version 12.00
# Visual Studio Version 17
VisualStudioVersion = 17.1.32228.430
MinimumVisualStudioVersion = 10.0.40219.1
Project("{FAE04EC0-301F-11D3-BF4B-00C04F79EFBC}") = "BuilderPattern", "BuilderPattern\BuilderPattern.csproj", "{E7C6CEDE-2E48-4793-8AFE-EA1975F91889}"
EndProject
Global
	GlobalSection(SolutionConfigurationPlatforms) = preSolution
		Debug|Any CPU = Debug|Any CPU
		Release|Any CPU = Release|Any CPU
	EndGlobalSection
	GlobalSection(ProjectConfigurationPlatforms) = postSolution
		{E7C6CEDE-2E48-4793-8AFE-EA1975F91889}.Debug|Any CPU.ActiveCfg = Debug|Any CPU
		{E7C6CEDE-2E48-4793-8AFE-EA1975F91889}.Debug|Any CPU.Build.0 = Debug|Any CPU
		{E7C6CEDE-2E48-4793-8AFE-EA1975F91889}.Release|Any CPU.ActiveCfg = Release|Any CPU
		{E7C6CEDE-2E48-4793-8AFE-EA1975F91889}.Release|Any CPU.Build.0 = Release|Any CPU
	EndGlobalSection
	GlobalSection(SolutionProperties) = preSolution
		HideSolutionNode = FALSE
	EndGlobalSection
	GlobalSection(ExtensibilityGlobals) = postSolution
		SolutionGuid = {832E2F97-1779-4C4F-B0F7-C202772E80B2}
	EndGlobalSection
EndGlobal
